
Microsoft Visual Studio Solution File, Format Version 12.00
# Visual Studio 15
VisualStudioVersion = 15.0.28307.902
MinimumVisualStudioVersion = 10.0.40219.1
Project("{FAE04EC0-301F-11D3-BF4B-00C04F79EFBC}") = "Abstraction", "Abstraction\Abstraction.csproj", "{BF7DE422-9F4E-48EF-9CED-F5DF1FF594D4}"
EndProject
Global
	GlobalSection(SolutionConfigurationPlatforms) = preSolution
		Debug|Any CPU = Debug|Any CPU
		Release|Any CPU = Release|Any CPU
	EndGlobalSection
	GlobalSection(ProjectConfigurationPlatforms) = postSolution
		{BF7DE422-9F4E-48EF-9CED-F5DF1FF594D4}.Debug|Any CPU.ActiveCfg = Debug|Any CPU
		{BF7DE422-9F4E-48EF-9CED-F5DF1FF594D4}.Debug|Any CPU.Build.0 = Debug|Any CPU
		{BF7DE422-9F4E-48EF-9CED-F5DF1FF594D4}.Release|Any CPU.ActiveCfg = Release|Any CPU
		{BF7DE422-9F4E-48EF-9CED-F5DF1FF594D4}.Release|Any CPU.Build.0 = Release|Any CPU
	EndGlobalSection
	GlobalSection(SolutionProperties) = preSolution
		HideSolutionNode = FALSE
	EndGlobalSection
	GlobalSection(ExtensibilityGlobals) = postSolution
		SolutionGuid = {990EB05B-73CE-4F98-A8F1-5CBC95083A81}
	EndGlobalSection
EndGlobal
